// !$*UTF8*$!
{
	archiveVersion = 1;
	classes = {
	};
	objectVersion = 46;
	objects = {

/* Begin PBXBuildFile section */
		5A709F781A81CA0E00857326 /* AppDelegate.swift in Sources */ = {isa = PBXBuildFile; fileRef = 5A709F771A81CA0E00857326 /* AppDelegate.swift */; };
		5A709F7B1A81CA0E00857326 /* AACcess.xcdatamodeld in Sources */ = {isa = PBXBuildFile; fileRef = 5A709F791A81CA0E00857326 /* AACcess.xcdatamodeld */; };
		5A709F7D1A81CA0E00857326 /* ViewController.swift in Sources */ = {isa = PBXBuildFile; fileRef = 5A709F7C1A81CA0E00857326 /* ViewController.swift */; };
		5A709F821A81CA0E00857326 /* Images.xcassets in Resources */ = {isa = PBXBuildFile; fileRef = 5A709F811A81CA0E00857326 /* Images.xcassets */; };
		5A709F851A81CA0E00857326 /* LaunchScreen.xib in Resources */ = {isa = PBXBuildFile; fileRef = 5A709F831A81CA0E00857326 /* LaunchScreen.xib */; };
		5A709F911A81CA0E00857326 /* AACcessTests.swift in Sources */ = {isa = PBXBuildFile; fileRef = 5A709F901A81CA0E00857326 /* AACcessTests.swift */; };
		5AE1F9051A85C6E0004593D1 /* Category.swift in Sources */ = {isa = PBXBuildFile; fileRef = 5AE1F9041A85C6E0004593D1 /* Category.swift */; };
		5AE1F9071A85C6E1004593D1 /* CategoryItem.swift in Sources */ = {isa = PBXBuildFile; fileRef = 5AE1F9061A85C6E1004593D1 /* CategoryItem.swift */; };
		5AE3C7551A85825800022816 /* DrilledDownCategoryViewController.swift in Sources */ = {isa = PBXBuildFile; fileRef = 5AE3C7541A85825800022816 /* DrilledDownCategoryViewController.swift */; };
/* End PBXBuildFile section */

/* Begin PBXContainerItemProxy section */
		5A709F8B1A81CA0E00857326 /* PBXContainerItemProxy */ = {
			isa = PBXContainerItemProxy;
			containerPortal = 5A709F6A1A81CA0E00857326 /* Project object */;
			proxyType = 1;
			remoteGlobalIDString = 5A709F711A81CA0E00857326;
			remoteInfo = AACcess;
		};
/* End PBXContainerItemProxy section */

/* Begin PBXFileReference section */
		5A709F721A81CA0E00857326 /* AACcess.app */ = {isa = PBXFileReference; explicitFileType = wrapper.application; includeInIndex = 0; path = AACcess.app; sourceTree = BUILT_PRODUCTS_DIR; };
		5A709F761A81CA0E00857326 /* Info.plist */ = {isa = PBXFileReference; lastKnownFileType = text.plist.xml; path = Info.plist; sourceTree = "<group>"; };
		5A709F771A81CA0E00857326 /* AppDelegate.swift */ = {isa = PBXFileReference; lastKnownFileType = sourcecode.swift; path = AppDelegate.swift; sourceTree = "<group>"; };
		5A709F7A1A81CA0E00857326 /* AACcess.xcdatamodel */ = {isa = PBXFileReference; lastKnownFileType = wrapper.xcdatamodel; path = AACcess.xcdatamodel; sourceTree = "<group>"; };
		5A709F7C1A81CA0E00857326 /* ViewController.swift */ = {isa = PBXFileReference; lastKnownFileType = sourcecode.swift; path = ViewController.swift; sourceTree = "<group>"; };
		5A709F811A81CA0E00857326 /* Images.xcassets */ = {isa = PBXFileReference; lastKnownFileType = folder.assetcatalog; path = Images.xcassets; sourceTree = "<group>"; };
		5A709F841A81CA0E00857326 /* Base */ = {isa = PBXFileReference; lastKnownFileType = file.xib; name = Base; path = Base.lproj/LaunchScreen.xib; sourceTree = "<group>"; };
		5A709F8A1A81CA0E00857326 /* AACcessTests.xctest */ = {isa = PBXFileReference; explicitFileType = wrapper.cfbundle; includeInIndex = 0; path = AACcessTests.xctest; sourceTree = BUILT_PRODUCTS_DIR; };
		5A709F8F1A81CA0E00857326 /* Info.plist */ = {isa = PBXFileReference; lastKnownFileType = text.plist.xml; path = Info.plist; sourceTree = "<group>"; };
		5A709F901A81CA0E00857326 /* AACcessTests.swift */ = {isa = PBXFileReference; lastKnownFileType = sourcecode.swift; path = AACcessTests.swift; sourceTree = "<group>"; };
		5AE1F9041A85C6E0004593D1 /* Category.swift */ = {isa = PBXFileReference; fileEncoding = 4; lastKnownFileType = sourcecode.swift; path = Category.swift; sourceTree = "<group>"; };
		5AE1F9061A85C6E1004593D1 /* CategoryItem.swift */ = {isa = PBXFileReference; fileEncoding = 4; lastKnownFileType = sourcecode.swift; path = CategoryItem.swift; sourceTree = "<group>"; };
		5AE3C7541A85825800022816 /* DrilledDownCategoryViewController.swift */ = {isa = PBXFileReference; fileEncoding = 4; lastKnownFileType = sourcecode.swift; path = DrilledDownCategoryViewController.swift; sourceTree = "<group>"; };
/* End PBXFileReference section */

/* Begin PBXFrameworksBuildPhase section */
		5A709F6F1A81CA0E00857326 /* Frameworks */ = {
			isa = PBXFrameworksBuildPhase;
			buildActionMask = 2147483647;
			files = (
			);
			runOnlyForDeploymentPostprocessing = 0;
		};
		5A709F871A81CA0E00857326 /* Frameworks */ = {
			isa = PBXFrameworksBuildPhase;
			buildActionMask = 2147483647;
			files = (
			);
			runOnlyForDeploymentPostprocessing = 0;
		};
/* End PBXFrameworksBuildPhase section */

/* Begin PBXGroup section */
		5A709F691A81CA0E00857326 = {
			isa = PBXGroup;
			children = (
				5A709F741A81CA0E00857326 /* AACcess */,
				5A709F8D1A81CA0E00857326 /* AACcessTests */,
				5A709F731A81CA0E00857326 /* Products */,
			);
			sourceTree = "<group>";
		};
		5A709F731A81CA0E00857326 /* Products */ = {
			isa = PBXGroup;
			children = (
				5A709F721A81CA0E00857326 /* AACcess.app */,
				5A709F8A1A81CA0E00857326 /* AACcessTests.xctest */,
			);
			name = Products;
			sourceTree = "<group>";
		};
		5A709F741A81CA0E00857326 /* AACcess */ = {
			isa = PBXGroup;
			children = (
				5A709F771A81CA0E00857326 /* AppDelegate.swift */,
				5A709F7C1A81CA0E00857326 /* ViewController.swift */,
				5AE3C7541A85825800022816 /* DrilledDownCategoryViewController.swift */,
				5A709F811A81CA0E00857326 /* Images.xcassets */,
				5A709F831A81CA0E00857326 /* LaunchScreen.xib */,
				5A709F791A81CA0E00857326 /* AACcess.xcdatamodeld */,
				5AE1F9041A85C6E0004593D1 /* Category.swift */,
				5AE1F9061A85C6E1004593D1 /* CategoryItem.swift */,
				5A709F751A81CA0E00857326 /* Supporting Files */,
			);
			path = AACcess;
			sourceTree = "<group>";
		};
		5A709F751A81CA0E00857326 /* Supporting Files */ = {
			isa = PBXGroup;
			children = (
				5A709F761A81CA0E00857326 /* Info.plist */,
			);
			name = "Supporting Files";
			sourceTree = "<group>";
		};
		5A709F8D1A81CA0E00857326 /* AACcessTests */ = {
			isa = PBXGroup;
			children = (
				5A709F901A81CA0E00857326 /* AACcessTests.swift */,
				5A709F8E1A81CA0E00857326 /* Supporting Files */,
			);
			path = AACcessTests;
			sourceTree = "<group>";
		};
		5A709F8E1A81CA0E00857326 /* Supporting Files */ = {
			isa = PBXGroup;
			children = (
				5A709F8F1A81CA0E00857326 /* Info.plist */,
			);
			name = "Supporting Files";
			sourceTree = "<group>";
		};
/* End PBXGroup section */

/* Begin PBXNativeTarget section */
		5A709F711A81CA0E00857326 /* AACcess */ = {
			isa = PBXNativeTarget;
			buildConfigurationList = 5A709F941A81CA0E00857326 /* Build configuration list for PBXNativeTarget "AACcess" */;
			buildPhases = (
				5A709F6E1A81CA0E00857326 /* Sources */,
				5A709F6F1A81CA0E00857326 /* Frameworks */,
				5A709F701A81CA0E00857326 /* Resources */,
			);
			buildRules = (
			);
			dependencies = (
			);
			name = AACcess;
			productName = AACcess;
			productReference = 5A709F721A81CA0E00857326 /* AACcess.app */;
			productType = "com.apple.product-type.application";
		};
		5A709F891A81CA0E00857326 /* AACcessTests */ = {
			isa = PBXNativeTarget;
			buildConfigurationList = 5A709F971A81CA0E00857326 /* Build configuration list for PBXNativeTarget "AACcessTests" */;
			buildPhases = (
				5A709F861A81CA0E00857326 /* Sources */,
				5A709F871A81CA0E00857326 /* Frameworks */,
				5A709F881A81CA0E00857326 /* Resources */,
			);
			buildRules = (
			);
			dependencies = (
				5A709F8C1A81CA0E00857326 /* PBXTargetDependency */,
			);
			name = AACcessTests;
			productName = AACcessTests;
			productReference = 5A709F8A1A81CA0E00857326 /* AACcessTests.xctest */;
			productType = "com.apple.product-type.bundle.unit-test";
		};
/* End PBXNativeTarget section */

/* Begin PBXProject section */
		5A709F6A1A81CA0E00857326 /* Project object */ = {
			isa = PBXProject;
			attributes = {
				LastUpgradeCheck = 0610;
				ORGANIZATIONNAME = "ExcepApps, Inc";
				TargetAttributes = {
					5A709F711A81CA0E00857326 = {
						CreatedOnToolsVersion = 6.1.1;
					};
					5A709F891A81CA0E00857326 = {
						CreatedOnToolsVersion = 6.1.1;
						TestTargetID = 5A709F711A81CA0E00857326;
					};
				};
			};
			buildConfigurationList = 5A709F6D1A81CA0E00857326 /* Build configuration list for PBXProject "AACcess" */;
			compatibilityVersion = "Xcode 3.2";
			developmentRegion = English;
			hasScannedForEncodings = 0;
			knownRegions = (
				en,
				Base,
			);
			mainGroup = 5A709F691A81CA0E00857326;
			productRefGroup = 5A709F731A81CA0E00857326 /* Products */;
			projectDirPath = "";
			projectRoot = "";
			targets = (
				5A709F711A81CA0E00857326 /* AACcess */,
				5A709F891A81CA0E00857326 /* AACcessTests */,
			);
		};
/* End PBXProject section */

/* Begin PBXResourcesBuildPhase section */
		5A709F701A81CA0E00857326 /* Resources */ = {
			isa = PBXResourcesBuildPhase;
			buildActionMask = 2147483647;
			files = (
				5A709F851A81CA0E00857326 /* LaunchScreen.xib in Resources */,
				5A709F821A81CA0E00857326 /* Images.xcassets in Resources */,
			);
			runOnlyForDeploymentPostprocessing = 0;
		};
		5A709F881A81CA0E00857326 /* Resources */ = {
			isa = PBXResourcesBuildPhase;
			buildActionMask = 2147483647;
			files = (
			);
			runOnlyForDeploymentPostprocessing = 0;
		};
/* End PBXResourcesBuildPhase section */

/* Begin PBXSourcesBuildPhase section */
		5A709F6E1A81CA0E00857326 /* Sources */ = {
			isa = PBXSourcesBuildPhase;
			buildActionMask = 2147483647;
			files = (
				5A709F7D1A81CA0E00857326 /* ViewController.swift in Sources */,
				5AE3C7551A85825800022816 /* DrilledDownCategoryViewController.swift in Sources */,
				5A709F781A81CA0E00857326 /* AppDelegate.swift in Sources */,
				5AE1F9071A85C6E1004593D1 /* CategoryItem.swift in Sources */,
				5A709F7B1A81CA0E00857326 /* AACcess.xcdatamodeld in Sources */,
				5AE1F9051A85C6E0004593D1 /* Category.swift in Sources */,
			);
			runOnlyForDeploymentPostprocessing = 0;
		};
		5A709F861A81CA0E00857326 /* Sources */ = {
			isa = PBXSourcesBuildPhase;
			buildActionMask = 2147483647;
			files = (
				5A709F911A81CA0E00857326 /* AACcessTests.swift in Sources */,
			);
			runOnlyForDeploymentPostprocessing = 0;
		};
/* End PBXSourcesBuildPhase section */

/* Begin PBXTargetDependency section */
		5A709F8C1A81CA0E00857326 /* PBXTargetDependency */ = {
			isa = PBXTargetDependency;
			target = 5A709F711A81CA0E00857326 /* AACcess */;
			targetProxy = 5A709F8B1A81CA0E00857326 /* PBXContainerItemProxy */;
		};
/* End PBXTargetDependency section */

/* Begin PBXVariantGroup section */
		5A709F831A81CA0E00857326 /* LaunchScreen.xib */ = {
			isa = PBXVariantGroup;
			children = (
				5A709F841A81CA0E00857326 /* Base */,
			);
			name = LaunchScreen.xib;
			sourceTree = "<group>";
		};
/* End PBXVariantGroup section */

/* Begin XCBuildConfiguration section */
		5A709F921A81CA0E00857326 /* Debug */ = {
			isa = XCBuildConfiguration;
			buildSettings = {
				ALWAYS_SEARCH_USER_PATHS = NO;
				CLANG_CXX_LANGUAGE_STANDARD = "gnu++0x";
				CLANG_CXX_LIBRARY = "libc++";
				CLANG_ENABLE_MODULES = YES;
				CLANG_ENABLE_OBJC_ARC = YES;
				CLANG_WARN_BOOL_CONVERSION = YES;
				CLANG_WARN_CONSTANT_CONVERSION = YES;
				CLANG_WARN_DIRECT_OBJC_ISA_USAGE = YES_ERROR;
				CLANG_WARN_EMPTY_BODY = YES;
				CLANG_WARN_ENUM_CONVERSION = YES;
				CLANG_WARN_INT_CONVERSION = YES;
				CLANG_WARN_OBJC_ROOT_CLASS = YES_ERROR;
				CLANG_WARN_UNREACHABLE_CODE = YES;
				CLANG_WARN__DUPLICATE_METHOD_MATCH = YES;
				"CODE_SIGN_IDENTITY[sdk=iphoneos*]" = "iPhone Developer";
				COPY_PHASE_STRIP = NO;
				ENABLE_STRICT_OBJC_MSGSEND = YES;
				GCC_C_LANGUAGE_STANDARD = gnu99;
				GCC_DYNAMIC_NO_PIC = NO;
				GCC_OPTIMIZATION_LEVEL = 0;
				GCC_PREPROCESSOR_DEFINITIONS = (
					"DEBUG=1",
					"$(inherited)",
				);
				GCC_SYMBOLS_PRIVATE_EXTERN = NO;
				GCC_WARN_64_TO_32_BIT_CONVERSION = YES;
				GCC_WARN_ABOUT_RETURN_TYPE = YES_ERROR;
				GCC_WARN_UNDECLARED_SELECTOR = YES;
				GCC_WARN_UNINITIALIZED_AUTOS = YES_AGGRESSIVE;
				GCC_WARN_UNUSED_FUNCTION = YES;
				GCC_WARN_UNUSED_VARIABLE = YES;
				IPHONEOS_DEPLOYMENT_TARGET = 8.1;
				MTL_ENABLE_DEBUG_INFO = YES;
				ONLY_ACTIVE_ARCH = YES;
				SDKROOT = iphoneos;
				SWIFT_OPTIMIZATION_LEVEL = "-Onone";
				TARGETED_DEVICE_FAMILY = 2;
			};
			name = Debug;
		};
		5A709F931A81CA0E00857326 /* Release */ = {
			isa = XCBuildConfiguration;
			buildSettings = {
				ALWAYS_SEARCH_USER_PATHS = NO;
				CLANG_CXX_LANGUAGE_STANDARD = "gnu++0x";
				CLANG_CXX_LIBRARY = "libc++";
				CLANG_ENABLE_MODULES = YES;
				CLANG_ENABLE_OBJC_ARC = YES;
				CLANG_WARN_BOOL_CONVERSION = YES;
				CLANG_WARN_CONSTANT_CONVERSION = YES;
				CLANG_WARN_DIRECT_OBJC_ISA_USAGE = YES_ERROR;
				CLANG_WARN_EMPTY_BODY = YES;
				CLANG_WARN_ENUM_CONVERSION = YES;
				CLANG_WARN_INT_CONVERSION = YES;
				CLANG_WARN_OBJC_ROOT_CLASS = YES_ERROR;
				CLANG_WARN_UNREACHABLE_CODE = YES;
				CLANG_WARN__DUPLICATE_METHOD_MATCH = YES;
				"CODE_SIGN_IDENTITY[sdk=iphoneos*]" = "iPhone Developer";
				COPY_PHASE_STRIP = YES;
				ENABLE_NS_ASSERTIONS = NO;
				ENABLE_STRICT_OBJC_MSGSEND = YES;
				GCC_C_LANGUAGE_STANDARD = gnu99;
				GCC_WARN_64_TO_32_BIT_CONVERSION = YES;
				GCC_WARN_ABOUT_RETURN_TYPE = YES_ERROR;
				GCC_WARN_UNDECLARED_SELECTOR = YES;
				GCC_WARN_UNINITIALIZED_AUTOS = YES_AGGRESSIVE;
				GCC_WARN_UNUSED_FUNCTION = YES;
				GCC_WARN_UNUSED_VARIABLE = YES;
				IPHONEOS_DEPLOYMENT_TARGET = 8.1;
				MTL_ENABLE_DEBUG_INFO = NO;
				SDKROOT = iphoneos;
				TARGETED_DEVICE_FAMILY = 2;
				VALIDATE_PRODUCT = YES;
			};
			name = Release;
		};
		5A709F951A81CA0E00857326 /* Debug */ = {
			isa = XCBuildConfiguration;
			buildSettings = {
				ASSETCATALOG_COMPILER_APPICON_NAME = AppIcon;
				CLANG_ENABLE_MODULES = YES;
				INFOPLIST_FILE = AACcess/Info.plist;
				LD_RUNPATH_SEARCH_PATHS = "$(inherited) @executable_path/Frameworks";
				PRODUCT_NAME = "$(TARGET_NAME)";
				SWIFT_OBJC_BRIDGING_HEADER = "AACcess/AACcess-Bridging-Header.h";
				SWIFT_OPTIMIZATION_LEVEL = "-Onone";
				TARGETED_DEVICE_FAMILY = 2;
			};
			name = Debug;
		};
		5A709F961A81CA0E00857326 /* Release */ = {
			isa = XCBuildConfiguration;
			buildSettings = {
				ASSETCATALOG_COMPILER_APPICON_NAME = AppIcon;
				CLANG_ENABLE_MODULES = YES;
				INFOPLIST_FILE = AACcess/Info.plist;
				LD_RUNPATH_SEARCH_PATHS = "$(inherited) @executable_path/Frameworks";
				PRODUCT_NAME = "$(TARGET_NAME)";
				SWIFT_OBJC_BRIDGING_HEADER = "AACcess/AACcess-Bridging-Header.h";
				TARGETED_DEVICE_FAMILY = 2;
			};
			name = Release;
		};
		5A709F981A81CA0E00857326 /* Debug */ = {
			isa = XCBuildConfiguration;
			buildSettings = {
				BUNDLE_LOADER = "$(TEST_HOST)";
				FRAMEWORK_SEARCH_PATHS = (
					"$(SDKROOT)/Developer/Library/Frameworks",
					"$(inherited)",
				);
				GCC_PREPROCESSOR_DEFINITIONS = (
					"DEBUG=1",
					"$(inherited)",
				);
				INFOPLIST_FILE = AACcessTests/Info.plist;
				LD_RUNPATH_SEARCH_PATHS = "$(inherited) @executable_path/Frameworks @loader_path/Frameworks";
				PRODUCT_NAME = "$(TARGET_NAME)";
				TEST_HOST = "$(BUILT_PRODUCTS_DIR)/AACcess.app/AACcess";
			};
			name = Debug;
		};
		5A709F991A81CA0E00857326 /* Release */ = {
			isa = XCBuildConfiguration;
			buildSettings = {
				BUNDLE_LOADER = "$(TEST_HOST)";
				FRAMEWORK_SEARCH_PATHS = (
					"$(SDKROOT)/Developer/Library/Frameworks",
					"$(inherited)",
				);
				INFOPLIST_FILE = AACcessTests/Info.plist;
				LD_RUNPATH_SEARCH_PATHS = "$(inherited) @executable_path/Frameworks @loader_path/Frameworks";
				PRODUCT_NAME = "$(TARGET_NAME)";
				TEST_HOST = "$(BUILT_PRODUCTS_DIR)/AACcess.app/AACcess";
			};
			name = Release;
		};
/* End XCBuildConfiguration section */

/* Begin XCConfigurationList section */
		5A709F6D1A81CA0E00857326 /* Build configuration list for PBXProject "AACcess" */ = {
			isa = XCConfigurationList;
			buildConfigurations = (
				5A709F921A81CA0E00857326 /* Debug */,
				5A709F931A81CA0E00857326 /* Release */,
			);
			defaultConfigurationIsVisible = 0;
			defaultConfigurationName = Release;
		};
		5A709F941A81CA0E00857326 /* Build configuration list for PBXNativeTarget "AACcess" */ = {
			isa = XCConfigurationList;
			buildConfigurations = (
				5A709F951A81CA0E00857326 /* Debug */,
				5A709F961A81CA0E00857326 /* Release */,
			);
			defaultConfigurationIsVisible = 0;
			defaultConfigurationName = Release;
		};
		5A709F971A81CA0E00857326 /* Build configuration list for PBXNativeTarget "AACcessTests" */ = {
			isa = XCConfigurationList;
			buildConfigurations = (
				5A709F981A81CA0E00857326 /* Debug */,
				5A709F991A81CA0E00857326 /* Release */,
			);
			defaultConfigurationIsVisible = 0;
			defaultConfigurationName = Release;
		};
/* End XCConfigurationList section */

/* Begin XCVersionGroup section */
		5A709F791A81CA0E00857326 /* AACcess.xcdatamodeld */ = {
			isa = XCVersionGroup;
			children = (
				5A709F7A1A81CA0E00857326 /* AACcess.xcdatamodel */,
			);
			currentVersion = 5A709F7A1A81CA0E00857326 /* AACcess.xcdatamodel */;
			path = AACcess.xcdatamodeld;
			sourceTree = "<group>";
			versionGroupType = wrapper.xcdatamodel;
		};
/* End XCVersionGroup section */
	};
	rootObject = 5A709F6A1A81CA0E00857326 /* Project object */;
}
